
Microsoft Visual Studio Solution File, Format Version 12.00
# Visual Studio Version 17
VisualStudioVersion = 17.14.36401.2 d17.14
MinimumVisualStudioVersion = 10.0.40219.1
Project("{888888A0-9F3D-457C-B088-3A5042F75D52}") = "Turtle Dodge", "Turtle Dodge.pyproj", "{66A1733F-F4F0-4F0E-95AB-33B38E0E7EF3}"
EndProject
Global
	GlobalSection(SolutionConfigurationPlatforms) = preSolution
		Debug|Any CPU = Debug|Any CPU
		Release|Any CPU = Release|Any CPU
	EndGlobalSection
	GlobalSection(ProjectConfigurationPlatforms) = postSolution
		{66A1733F-F4F0-4F0E-95AB-33B38E0E7EF3}.Debug|Any CPU.ActiveCfg = Debug|Any CPU
		{66A1733F-F4F0-4F0E-95AB-33B38E0E7EF3}.Release|Any CPU.ActiveCfg = Release|Any CPU
	EndGlobalSection
	GlobalSection(SolutionProperties) = preSolution
		HideSolutionNode = FALSE
	EndGlobalSection
	GlobalSection(ExtensibilityGlobals) = postSolution
		SolutionGuid = {65ACD4AE-20FF-4040-802C-3740382E612D}
	EndGlobalSection
EndGlobal
